# This file is automatically @generated by Cargo.
# It is not intended for manual editing.
version = 4

[[package]]
name = "greet"
version = "0.1.0"
source = "sparse+https://mgeisler.github.io/gh-pages-registry-demo/"
checksum = "93afd84f9dc5cd2b9dacc42f1dec536595ed068214a844c4e0a8a7032a7397f0"

[[package]]
name = "hello"
version = "0.1.0"
dependencies = [
 "greet",
]
